
Microsoft Visual Studio Solution File, Format Version 12.00
Project("{FAE04EC0-301F-11D3-BF4B-00C04F79EFBC}") = "DesignPatterns", "DesignPatterns\DesignPatterns.csproj", "{FA095F6A-D627-469A-B851-E196A478048B}"
EndProject
Project("{FAE04EC0-301F-11D3-BF4B-00C04F79EFBC}") = "Singleton", "Singleton\Singleton.csproj", "{531645A2-3966-4E2F-9DE6-BD4B520307F3}"
EndProject
Project("{FAE04EC0-301F-11D3-BF4B-00C04F79EFBC}") = "Factory", "Factory\Factory.csproj", "{EBFB50DE-93F1-4227-98FE-2612B62C880F}"
EndProject
Project("{FAE04EC0-301F-11D3-BF4B-00C04F79EFBC}") = "AbstractFactory", "AbstractFactory\AbstractFactory.csproj", "{8D421464-2862-4F74-9637-EA93DB78F5AA}"
EndProject
Project("{FAE04EC0-301F-11D3-BF4B-00C04F79EFBC}") = "Prototype", "Prototype\Prototype.csproj", "{1E890B9A-3E48-461C-8B81-1A73C3EB53B1}"
EndProject
Project("{FAE04EC0-301F-11D3-BF4B-00C04F79EFBC}") = "Builder", "Builder\Builder.csproj", "{FF3483A9-58F6-4C75-905F-CD2E1A119BAF}"
EndProject
Project("{FAE04EC0-301F-11D3-BF4B-00C04F79EFBC}") = "Strategy", "Strategy\Strategy.csproj", "{EB726094-6E4D-4A9D-B739-32134C15ABD6}"
EndProject
Project("{FAE04EC0-301F-11D3-BF4B-00C04F79EFBC}") = "XML Reader", "XML Reader\XML Reader.csproj", "{F440C552-69F2-46E2-B647-3F7B44731E21}"
EndProject
Project("{FAE04EC0-301F-11D3-BF4B-00C04F79EFBC}") = "Visitor", "Visitor\Visitor.csproj", "{C4BBA256-AB4C-4AB0-80E1-60A58EBCD075}"
EndProject
Project("{FAE04EC0-301F-11D3-BF4B-00C04F79EFBC}") = "Observer", "Observer\Observer.csproj", "{CF819386-1962-4DF6-B0B8-C516A1CA1CA6}"
EndProject
Global
	GlobalSection(SolutionConfigurationPlatforms) = preSolution
		Debug|Any CPU = Debug|Any CPU
		Release|Any CPU = Release|Any CPU
	EndGlobalSection
	GlobalSection(ProjectConfigurationPlatforms) = postSolution
		{FA095F6A-D627-469A-B851-E196A478048B}.Debug|Any CPU.ActiveCfg = Debug|Any CPU
		{FA095F6A-D627-469A-B851-E196A478048B}.Debug|Any CPU.Build.0 = Debug|Any CPU
		{FA095F6A-D627-469A-B851-E196A478048B}.Release|Any CPU.ActiveCfg = Release|Any CPU
		{FA095F6A-D627-469A-B851-E196A478048B}.Release|Any CPU.Build.0 = Release|Any CPU
		{531645A2-3966-4E2F-9DE6-BD4B520307F3}.Debug|Any CPU.ActiveCfg = Debug|Any CPU
		{531645A2-3966-4E2F-9DE6-BD4B520307F3}.Debug|Any CPU.Build.0 = Debug|Any CPU
		{531645A2-3966-4E2F-9DE6-BD4B520307F3}.Release|Any CPU.ActiveCfg = Release|Any CPU
		{531645A2-3966-4E2F-9DE6-BD4B520307F3}.Release|Any CPU.Build.0 = Release|Any CPU
		{EBFB50DE-93F1-4227-98FE-2612B62C880F}.Debug|Any CPU.ActiveCfg = Debug|Any CPU
		{EBFB50DE-93F1-4227-98FE-2612B62C880F}.Debug|Any CPU.Build.0 = Debug|Any CPU
		{EBFB50DE-93F1-4227-98FE-2612B62C880F}.Release|Any CPU.ActiveCfg = Release|Any CPU
		{EBFB50DE-93F1-4227-98FE-2612B62C880F}.Release|Any CPU.Build.0 = Release|Any CPU
		{8D421464-2862-4F74-9637-EA93DB78F5AA}.Debug|Any CPU.ActiveCfg = Debug|Any CPU
		{8D421464-2862-4F74-9637-EA93DB78F5AA}.Debug|Any CPU.Build.0 = Debug|Any CPU
		{8D421464-2862-4F74-9637-EA93DB78F5AA}.Release|Any CPU.ActiveCfg = Release|Any CPU
		{8D421464-2862-4F74-9637-EA93DB78F5AA}.Release|Any CPU.Build.0 = Release|Any CPU
		{1E890B9A-3E48-461C-8B81-1A73C3EB53B1}.Debug|Any CPU.ActiveCfg = Debug|Any CPU
		{1E890B9A-3E48-461C-8B81-1A73C3EB53B1}.Debug|Any CPU.Build.0 = Debug|Any CPU
		{1E890B9A-3E48-461C-8B81-1A73C3EB53B1}.Release|Any CPU.ActiveCfg = Release|Any CPU
		{1E890B9A-3E48-461C-8B81-1A73C3EB53B1}.Release|Any CPU.Build.0 = Release|Any CPU
		{FF3483A9-58F6-4C75-905F-CD2E1A119BAF}.Debug|Any CPU.ActiveCfg = Debug|Any CPU
		{FF3483A9-58F6-4C75-905F-CD2E1A119BAF}.Debug|Any CPU.Build.0 = Debug|Any CPU
		{FF3483A9-58F6-4C75-905F-CD2E1A119BAF}.Release|Any CPU.ActiveCfg = Release|Any CPU
		{FF3483A9-58F6-4C75-905F-CD2E1A119BAF}.Release|Any CPU.Build.0 = Release|Any CPU
		{EB726094-6E4D-4A9D-B739-32134C15ABD6}.Debug|Any CPU.ActiveCfg = Debug|Any CPU
		{EB726094-6E4D-4A9D-B739-32134C15ABD6}.Debug|Any CPU.Build.0 = Debug|Any CPU
		{EB726094-6E4D-4A9D-B739-32134C15ABD6}.Release|Any CPU.ActiveCfg = Release|Any CPU
		{EB726094-6E4D-4A9D-B739-32134C15ABD6}.Release|Any CPU.Build.0 = Release|Any CPU
		{F440C552-69F2-46E2-B647-3F7B44731E21}.Debug|Any CPU.ActiveCfg = Debug|Any CPU
		{F440C552-69F2-46E2-B647-3F7B44731E21}.Debug|Any CPU.Build.0 = Debug|Any CPU
		{F440C552-69F2-46E2-B647-3F7B44731E21}.Release|Any CPU.ActiveCfg = Release|Any CPU
		{F440C552-69F2-46E2-B647-3F7B44731E21}.Release|Any CPU.Build.0 = Release|Any CPU
		{C4BBA256-AB4C-4AB0-80E1-60A58EBCD075}.Debug|Any CPU.ActiveCfg = Debug|Any CPU
		{C4BBA256-AB4C-4AB0-80E1-60A58EBCD075}.Debug|Any CPU.Build.0 = Debug|Any CPU
		{C4BBA256-AB4C-4AB0-80E1-60A58EBCD075}.Release|Any CPU.ActiveCfg = Release|Any CPU
		{C4BBA256-AB4C-4AB0-80E1-60A58EBCD075}.Release|Any CPU.Build.0 = Release|Any CPU
		{CF819386-1962-4DF6-B0B8-C516A1CA1CA6}.Debug|Any CPU.ActiveCfg = Debug|Any CPU
		{CF819386-1962-4DF6-B0B8-C516A1CA1CA6}.Debug|Any CPU.Build.0 = Debug|Any CPU
		{CF819386-1962-4DF6-B0B8-C516A1CA1CA6}.Release|Any CPU.ActiveCfg = Release|Any CPU
		{CF819386-1962-4DF6-B0B8-C516A1CA1CA6}.Release|Any CPU.Build.0 = Release|Any CPU
	EndGlobalSection
EndGlobal
